
Microsoft Visual Studio Solution File, Format Version 12.00
# Visual Studio Version 17
VisualStudioVersion = 17.7.34031.279
MinimumVisualStudioVersion = 10.0.40219.1
Project("{FAE04EC0-301F-11D3-BF4B-00C04F79EFBC}") = "JuanAlvarez_TallerClase", "JuanAlvarez_TallerClase.csproj", "{228F0BF4-9395-4436-8D9C-B169D97134F0}"
EndProject
Global
	GlobalSection(SolutionConfigurationPlatforms) = preSolution
		Debug|Any CPU = Debug|Any CPU
		Release|Any CPU = Release|Any CPU
	EndGlobalSection
	GlobalSection(ProjectConfigurationPlatforms) = postSolution
		{228F0BF4-9395-4436-8D9C-B169D97134F0}.Debug|Any CPU.ActiveCfg = Debug|Any CPU
		{228F0BF4-9395-4436-8D9C-B169D97134F0}.Debug|Any CPU.Build.0 = Debug|Any CPU
		{228F0BF4-9395-4436-8D9C-B169D97134F0}.Release|Any CPU.ActiveCfg = Release|Any CPU
		{228F0BF4-9395-4436-8D9C-B169D97134F0}.Release|Any CPU.Build.0 = Release|Any CPU
	EndGlobalSection
	GlobalSection(SolutionProperties) = preSolution
		HideSolutionNode = FALSE
	EndGlobalSection
	GlobalSection(ExtensibilityGlobals) = postSolution
		SolutionGuid = {F9EBDEBC-0523-4797-B4BF-91C94BD52083}
	EndGlobalSection
EndGlobal
